
Microsoft Visual Studio Solution File, Format Version 12.00
# Visual Studio Version 16
VisualStudioVersion = 16.0.30204.135
MinimumVisualStudioVersion = 10.0.40219.1
Project("{FAE04EC0-301F-11D3-BF4B-00C04F79EFBC}") = "RulesEngine", "RulesEngine.csproj", "{96B198A6-55C9-4128-9608-041D3DDD9DE3}"
EndProject
Project("{FAE04EC0-301F-11D3-BF4B-00C04F79EFBC}") = "RulesEngineServices", "..\RulesEngineServices\RulesEngineServices.csproj", "{21EB08F3-8B89-4201-908C-B4D651ADBDF7}"
EndProject
Project("{FAE04EC0-301F-11D3-BF4B-00C04F79EFBC}") = "RulesEngineServices.Test", "..\RulesEngineServices.Test\RulesEngineServices.Test.csproj", "{14AAA766-2E2D-4014-B77E-A00D64A835CA}"
EndProject
Global
	GlobalSection(SolutionConfigurationPlatforms) = preSolution
		Debug|Any CPU = Debug|Any CPU
		Release|Any CPU = Release|Any CPU
	EndGlobalSection
	GlobalSection(ProjectConfigurationPlatforms) = postSolution
		{96B198A6-55C9-4128-9608-041D3DDD9DE3}.Debug|Any CPU.ActiveCfg = Debug|Any CPU
		{96B198A6-55C9-4128-9608-041D3DDD9DE3}.Debug|Any CPU.Build.0 = Debug|Any CPU
		{96B198A6-55C9-4128-9608-041D3DDD9DE3}.Release|Any CPU.ActiveCfg = Release|Any CPU
		{96B198A6-55C9-4128-9608-041D3DDD9DE3}.Release|Any CPU.Build.0 = Release|Any CPU
		{21EB08F3-8B89-4201-908C-B4D651ADBDF7}.Debug|Any CPU.ActiveCfg = Debug|Any CPU
		{21EB08F3-8B89-4201-908C-B4D651ADBDF7}.Debug|Any CPU.Build.0 = Debug|Any CPU
		{21EB08F3-8B89-4201-908C-B4D651ADBDF7}.Release|Any CPU.ActiveCfg = Release|Any CPU
		{21EB08F3-8B89-4201-908C-B4D651ADBDF7}.Release|Any CPU.Build.0 = Release|Any CPU
		{14AAA766-2E2D-4014-B77E-A00D64A835CA}.Debug|Any CPU.ActiveCfg = Debug|Any CPU
		{14AAA766-2E2D-4014-B77E-A00D64A835CA}.Debug|Any CPU.Build.0 = Debug|Any CPU
		{14AAA766-2E2D-4014-B77E-A00D64A835CA}.Release|Any CPU.ActiveCfg = Release|Any CPU
		{14AAA766-2E2D-4014-B77E-A00D64A835CA}.Release|Any CPU.Build.0 = Release|Any CPU
	EndGlobalSection
	GlobalSection(SolutionProperties) = preSolution
		HideSolutionNode = FALSE
	EndGlobalSection
	GlobalSection(ExtensibilityGlobals) = postSolution
		SolutionGuid = {058DEB36-C30F-47D1-979E-9600C81C73C1}
	EndGlobalSection
EndGlobal
